
Microsoft Visual Studio Solution File, Format Version 12.00
# Visual Studio Version 17
VisualStudioVersion = 17.2.32616.157
MinimumVisualStudioVersion = 10.0.40219.1
Project("{FAE04EC0-301F-11D3-BF4B-00C04F79EFBC}") = "WebApplicationDemo", "WebApplicationDemo\WebApplicationDemo.csproj", "{6B167E8F-C116-4B57-BB2A-9767B6683942}"
EndProject
Project("{2150E333-8FDC-42A3-9474-1A3956D46DE8}") = "DB", "DB", "{10F03FF0-DE89-43B3-B273-D17D265D135B}"
EndProject
Project("{FAE04EC0-301F-11D3-BF4B-00C04F79EFBC}") = "BookDepository", "BookDepository\BookDepository.csproj", "{7D83D302-22DA-4DD2-92CA-731961D653BD}"
EndProject
Global
	GlobalSection(SolutionConfigurationPlatforms) = preSolution
		Debug|Any CPU = Debug|Any CPU
		Release|Any CPU = Release|Any CPU
	EndGlobalSection
	GlobalSection(ProjectConfigurationPlatforms) = postSolution
		{6B167E8F-C116-4B57-BB2A-9767B6683942}.Debug|Any CPU.ActiveCfg = Debug|Any CPU
		{6B167E8F-C116-4B57-BB2A-9767B6683942}.Debug|Any CPU.Build.0 = Debug|Any CPU
		{6B167E8F-C116-4B57-BB2A-9767B6683942}.Release|Any CPU.ActiveCfg = Release|Any CPU
		{6B167E8F-C116-4B57-BB2A-9767B6683942}.Release|Any CPU.Build.0 = Release|Any CPU
		{7D83D302-22DA-4DD2-92CA-731961D653BD}.Debug|Any CPU.ActiveCfg = Debug|Any CPU
		{7D83D302-22DA-4DD2-92CA-731961D653BD}.Debug|Any CPU.Build.0 = Debug|Any CPU
		{7D83D302-22DA-4DD2-92CA-731961D653BD}.Release|Any CPU.ActiveCfg = Release|Any CPU
		{7D83D302-22DA-4DD2-92CA-731961D653BD}.Release|Any CPU.Build.0 = Release|Any CPU
	EndGlobalSection
	GlobalSection(SolutionProperties) = preSolution
		HideSolutionNode = FALSE
	EndGlobalSection
	GlobalSection(NestedProjects) = preSolution
		{7D83D302-22DA-4DD2-92CA-731961D653BD} = {10F03FF0-DE89-43B3-B273-D17D265D135B}
	EndGlobalSection
	GlobalSection(ExtensibilityGlobals) = postSolution
		SolutionGuid = {8A41EA25-B4B8-4B00-AAA6-D484A9D3E3C0}
	EndGlobalSection
EndGlobal
